Microsoft Visual Studio Solution File, Format Version 12.00
# Visual Studio Version 16
VisualStudioVersion = 16.0.28917.182
MinimumVisualStudioVersion = 10.0.40219.1
Project("{2150E333-8FDC-42A3-9474-1A3956D46DE8}") = "1 - Core", "1 - Core", "{AA472CDD-723A-4DF4-956E-68BB5DAA1F7E}"
EndProject
Project("{6EC3EE1D-3C4E-46DD-8F32-0CC8E7565705}") = "FileSplit.Core", "FileSplit.Core\FileSplit.Core.fsproj", "{15295A45-441E-4406-BC75-55CA3D0C7A38}"
EndProject
Project("{2150E333-8FDC-42A3-9474-1A3956D46DE8}") = "5 - Presentation", "5 - Presentation", "{7B34B6E5-4066-434D-B0C9-6205394D2070}"
EndProject
Project("{2150E333-8FDC-42A3-9474-1A3956D46DE8}") = "XamarinForms", "XamarinForms", "{1FFBC722-6B90-4591-9A63-B9D0F4820FEE}"
EndProject
Project("{2150E333-8FDC-42A3-9474-1A3956D46DE8}") = "Wpf", "Wpf", "{0B3BA88D-D945-4A8C-88AA-F824FEE128E8}"
EndProject
Project("{9A19103F-16F7-4668-BE54-9A1E7A4F7556}") = "FileSplit.UI.Wpf2", "Wpf\FileSplit.UI.Wpf2\FileSplit.UI.Wpf2.csproj", "{F45BAB2B-E9E4-448D-B89D-96BCF2E0DB99}"
EndProject
Project("{C7167F0D-BC9F-4E6E-AFE1-012C56B48DB5}") = "FileSplit.Wap", "Wpf\FileSplit.Wap\FileSplit.Wap.wapproj", "{5703649A-F0C2-451E-8833-1AA0D36BE883}"
EndProject
Global
	GlobalSection(SolutionConfigurationPlatforms) = preSolution
		Ad-Hoc|Any CPU = Ad-Hoc|Any CPU
		Ad-Hoc|ARM = Ad-Hoc|ARM
		Ad-Hoc|ARM64 = Ad-Hoc|ARM64
		Ad-Hoc|iPhone = Ad-Hoc|iPhone
		Ad-Hoc|iPhoneSimulator = Ad-Hoc|iPhoneSimulator
		Ad-Hoc|x64 = Ad-Hoc|x64
		Ad-Hoc|x86 = Ad-Hoc|x86
		AppStore|Any CPU = AppStore|Any CPU
		AppStore|ARM = AppStore|ARM
		AppStore|ARM64 = AppStore|ARM64
		AppStore|iPhone = AppStore|iPhone
		AppStore|iPhoneSimulator = AppStore|iPhoneSimulator
		AppStore|x64 = AppStore|x64
		AppStore|x86 = AppStore|x86
		Debug|Any CPU = Debug|Any CPU
		Debug|ARM = Debug|ARM
		Debug|ARM64 = Debug|ARM64
		Debug|iPhone = Debug|iPhone
		Debug|iPhoneSimulator = Debug|iPhoneSimulator
		Debug|x64 = Debug|x64
		Debug|x86 = Debug|x86
		Release|Any CPU = Release|Any CPU
		Release|ARM = Release|ARM
		Release|ARM64 = Release|ARM64
		Release|iPhone = Release|iPhone
		Release|iPhoneSimulator = Release|iPhoneSimulator
		Release|x64 = Release|x64
		Release|x86 = Release|x86
	EndGlobalSection
	GlobalSection(ProjectConfigurationPlatforms) = postSolution
		{15295A45-441E-4406-BC75-55CA3D0C7A38}.Ad-Hoc|Any CPU.ActiveCfg = Debug|Any CPU
		{15295A45-441E-4406-BC75-55CA3D0C7A38}.Ad-Hoc|Any CPU.Build.0 = Debug|Any CPU
		{15295A45-441E-4406-BC75-55CA3D0C7A38}.Ad-Hoc|ARM.ActiveCfg = Debug|Any CPU
		{15295A45-441E-4406-BC75-55CA3D0C7A38}.Ad-Hoc|ARM.Build.0 = Debug|Any CPU
		{15295A45-441E-4406-BC75-55CA3D0C7A38}.Ad-Hoc|ARM64.ActiveCfg = Release|Any CPU
		{15295A45-441E-4406-BC75-55CA3D0C7A38}.Ad-Hoc|ARM64.Build.0 = Release|Any CPU
		{15295A45-441E-4406-BC75-55CA3D0C7A38}.Ad-Hoc|iPhone.ActiveCfg = Debug|Any CPU
		{15295A45-441E-4406-BC75-55CA3D0C7A38}.Ad-Hoc|iPhone.Build.0 = Debug|Any CPU
		{15295A45-441E-4406-BC75-55CA3D0C7A38}.Ad-Hoc|iPhoneSimulator.ActiveCfg = Debug|Any CPU
		{15295A45-441E-4406-BC75-55CA3D0C7A38}.Ad-Hoc|iPhoneSimulator.Build.0 = Debug|Any CPU
		{15295A45-441E-4406-BC75-55CA3D0C7A38}.Ad-Hoc|x64.ActiveCfg = Debug|Any CPU
		{15295A45-441E-4406-BC75-55CA3D0C7A38}.Ad-Hoc|x64.Build.0 = Debug|Any CPU
		{15295A45-441E-4406-BC75-55CA3D0C7A38}.Ad-Hoc|x86.ActiveCfg = Debug|Any CPU
		{15295A45-441E-4406-BC75-55CA3D0C7A38}.Ad-Hoc|x86.Build.0 = Debug|Any CPU
		{15295A45-441E-4406-BC75-55CA3D0C7A38}.AppStore|Any CPU.ActiveCfg = Debug|Any CPU
		{15295A45-441E-4406-BC75-55CA3D0C7A38}.AppStore|Any CPU.Build.0 = Debug|Any CPU
		{15295A45-441E-4406-BC75-55CA3D0C7A38}.AppStore|ARM.ActiveCfg = Debug|Any CPU
		{15295A45-441E-4406-BC75-55CA3D0C7A38}.AppStore|ARM.Build.0 = Debug|Any CPU
		{15295A45-441E-4406-BC75-55CA3D0C7A38}.AppStore|ARM64.ActiveCfg = Release|Any CPU
		{15295A45-441E-4406-BC75-55CA3D0C7A38}.AppStore|ARM64.Build.0 = Release|Any CPU
		{15295A45-441E-4406-BC75-55CA3D0C7A38}.AppStore|iPhone.ActiveCfg = Debug|Any CPU
		{15295A45-441E-4406-BC75-55CA3D0C7A38}.AppStore|iPhone.Build.0 = Debug|Any CPU
		{15295A45-441E-4406-BC75-55CA3D0C7A38}.AppStore|iPhoneSimulator.ActiveCfg = Debug|Any CPU
		{15295A45-441E-4406-BC75-55CA3D0C7A38}.AppStore|iPhoneSimulator.Build.0 = Debug|Any CPU
		{15295A45-441E-4406-BC75-55CA3D0C7A38}.AppStore|x64.ActiveCfg = Debug|Any CPU
		{15295A45-441E-4406-BC75-55CA3D0C7A38}.AppStore|x64.Build.0 = Debug|Any CPU
		{15295A45-441E-4406-BC75-55CA3D0C7A38}.AppStore|x86.ActiveCfg = Debug|Any CPU
		{15295A45-441E-4406-BC75-55CA3D0C7A38}.AppStore|x86.Build.0 = Debug|Any CPU
		{15295A45-441E-4406-BC75-55CA3D0C7A38}.Debug|Any CPU.ActiveCfg = Debug|Any CPU
		{15295A45-441E-4406-BC75-55CA3D0C7A38}.Debug|Any CPU.Build.0 = Debug|Any CPU
		{15295A45-441E-4406-BC75-55CA3D0C7A38}.Debug|ARM.ActiveCfg = Debug|Any CPU
		{15295A45-441E-4406-BC75-55CA3D0C7A38}.Debug|ARM.Build.0 = Debug|Any CPU
		{15295A45-441E-4406-BC75-55CA3D0C7A38}.Debug|ARM64.ActiveCfg = Debug|Any CPU
		{15295A45-441E-4406-BC75-55CA3D0C7A38}.Debug|ARM64.Build.0 = Debug|Any CPU
		{15295A45-441E-4406-BC75-55CA3D0C7A38}.Debug|iPhone.ActiveCfg = Debug|Any CPU
		{15295A45-441E-4406-BC75-55CA3D0C7A38}.Debug|iPhone.Build.0 = Debug|Any CPU
		{15295A45-441E-4406-BC75-55CA3D0C7A38}.Debug|iPhoneSimulator.ActiveCfg = Debug|Any CPU
		{15295A45-441E-4406-BC75-55CA3D0C7A38}.Debug|iPhoneSimulator.Build.0 = Debug|Any CPU
		{15295A45-441E-4406-BC75-55CA3D0C7A38}.Debug|x64.ActiveCfg = Debug|Any CPU
		{15295A45-441E-4406-BC75-55CA3D0C7A38}.Debug|x64.Build.0 = Debug|Any CPU
		{15295A45-441E-4406-BC75-55CA3D0C7A38}.Debug|x86.ActiveCfg = Debug|Any CPU
		{15295A45-441E-4406-BC75-55CA3D0C7A38}.Debug|x86.Build.0 = Debug|Any CPU
		{15295A45-441E-4406-BC75-55CA3D0C7A38}.Release|Any CPU.ActiveCfg = Release|Any CPU
		{15295A45-441E-4406-BC75-55CA3D0C7A38}.Release|Any CPU.Build.0 = Release|Any CPU
		{15295A45-441E-4406-BC75-55CA3D0C7A38}.Release|ARM.ActiveCfg = Release|Any CPU
		{15295A45-441E-4406-BC75-55CA3D0C7A38}.Release|ARM.Build.0 = Release|Any CPU
		{15295A45-441E-4406-BC75-55CA3D0C7A38}.Release|ARM64.ActiveCfg = Release|Any CPU
		{15295A45-441E-4406-BC75-55CA3D0C7A38}.Release|ARM64.Build.0 = Release|Any CPU
		{15295A45-441E-4406-BC75-55CA3D0C7A38}.Release|iPhone.ActiveCfg = Release|Any CPU
		{15295A45-441E-4406-BC75-55CA3D0C7A38}.Release|iPhone.Build.0 = Release|Any CPU
		{15295A45-441E-4406-BC75-55CA3D0C7A38}.Release|iPhoneSimulator.ActiveCfg = Release|Any CPU
		{15295A45-441E-4406-BC75-55CA3D0C7A38}.Release|iPhoneSimulator.Build.0 = Release|Any CPU
		{15295A45-441E-4406-BC75-55CA3D0C7A38}.Release|x64.ActiveCfg = Release|Any CPU
		{15295A45-441E-4406-BC75-55CA3D0C7A38}.Release|x64.Build.0 = Release|Any CPU
		{15295A45-441E-4406-BC75-55CA3D0C7A38}.Release|x86.ActiveCfg = Release|Any CPU
		{15295A45-441E-4406-BC75-55CA3D0C7A38}.Release|x86.Build.0 = Release|Any CPU
		{F45BAB2B-E9E4-448D-B89D-96BCF2E0DB99}.Ad-Hoc|Any CPU.ActiveCfg = Debug|Any CPU
		{F45BAB2B-E9E4-448D-B89D-96BCF2E0DB99}.Ad-Hoc|Any CPU.Build.0 = Debug|Any CPU
		{F45BAB2B-E9E4-448D-B89D-96BCF2E0DB99}.Ad-Hoc|ARM.ActiveCfg = Debug|Any CPU
		{F45BAB2B-E9E4-448D-B89D-96BCF2E0DB99}.Ad-Hoc|ARM.Build.0 = Debug|Any CPU
		{F45BAB2B-E9E4-448D-B89D-96BCF2E0DB99}.Ad-Hoc|ARM64.ActiveCfg = Debug|Any CPU
		{F45BAB2B-E9E4-448D-B89D-96BCF2E0DB99}.Ad-Hoc|ARM64.Build.0 = Debug|Any CPU
		{F45BAB2B-E9E4-448D-B89D-96BCF2E0DB99}.Ad-Hoc|iPhone.ActiveCfg = Debug|Any CPU
		{F45BAB2B-E9E4-448D-B89D-96BCF2E0DB99}.Ad-Hoc|iPhone.Build.0 = Debug|Any CPU
		{F45BAB2B-E9E4-448D-B89D-96BCF2E0DB99}.Ad-Hoc|iPhoneSimulator.ActiveCfg = Debug|Any CPU
		{F45BAB2B-E9E4-448D-B89D-96BCF2E0DB99}.Ad-Hoc|iPhoneSimulator.Build.0 = Debug|Any CPU
		{F45BAB2B-E9E4-448D-B89D-96BCF2E0DB99}.Ad-Hoc|x64.ActiveCfg = Debug|Any CPU
		{F45BAB2B-E9E4-448D-B89D-96BCF2E0DB99}.Ad-Hoc|x64.Build.0 = Debug|Any CPU
		{F45BAB2B-E9E4-448D-B89D-96BCF2E0DB99}.Ad-Hoc|x86.ActiveCfg = Debug|Any CPU
		{F45BAB2B-E9E4-448D-B89D-96BCF2E0DB99}.Ad-Hoc|x86.Build.0 = Debug|Any CPU
		{F45BAB2B-E9E4-448D-B89D-96BCF2E0DB99}.AppStore|Any CPU.ActiveCfg = Debug|Any CPU
		{F45BAB2B-E9E4-448D-B89D-96BCF2E0DB99}.AppStore|Any CPU.Build.0 = Debug|Any CPU
		{F45BAB2B-E9E4-448D-B89D-96BCF2E0DB99}.AppStore|ARM.ActiveCfg = Debug|Any CPU
		{F45BAB2B-E9E4-448D-B89D-96BCF2E0DB99}.AppStore|ARM.Build.0 = Debug|Any CPU
		{F45BAB2B-E9E4-448D-B89D-96BCF2E0DB99}.AppStore|ARM64.ActiveCfg = Debug|Any CPU
		{F45BAB2B-E9E4-448D-B89D-96BCF2E0DB99}.AppStore|ARM64.Build.0 = Debug|Any CPU
		{F45BAB2B-E9E4-448D-B89D-96BCF2E0DB99}.AppStore|iPhone.ActiveCfg = Debug|Any CPU
		{F45BAB2B-E9E4-448D-B89D-96BCF2E0DB99}.AppStore|iPhone.Build.0 = Debug|Any CPU
		{F45BAB2B-E9E4-448D-B89D-96BCF2E0DB99}.AppStore|iPhoneSimulator.ActiveCfg = Debug|Any CPU
		{F45BAB2B-E9E4-448D-B89D-96BCF2E0DB99}.AppStore|iPhoneSimulator.Build.0 = Debug|Any CPU
		{F45BAB2B-E9E4-448D-B89D-96BCF2E0DB99}.AppStore|x64.ActiveCfg = Debug|Any CPU
		{F45BAB2B-E9E4-448D-B89D-96BCF2E0DB99}.AppStore|x64.Build.0 = Debug|Any CPU
		{F45BAB2B-E9E4-448D-B89D-96BCF2E0DB99}.AppStore|x86.ActiveCfg = Debug|Any CPU
		{F45BAB2B-E9E4-448D-B89D-96BCF2E0DB99}.AppStore|x86.Build.0 = Debug|Any CPU
		{F45BAB2B-E9E4-448D-B89D-96BCF2E0DB99}.Debug|Any CPU.ActiveCfg = Debug|Any CPU
		{F45BAB2B-E9E4-448D-B89D-96BCF2E0DB99}.Debug|Any CPU.Build.0 = Debug|Any CPU
		{F45BAB2B-E9E4-448D-B89D-96BCF2E0DB99}.Debug|ARM.ActiveCfg = Debug|Any CPU
		{F45BAB2B-E9E4-448D-B89D-96BCF2E0DB99}.Debug|ARM.Build.0 = Debug|Any CPU
		{F45BAB2B-E9E4-448D-B89D-96BCF2E0DB99}.Debug|ARM64.ActiveCfg = Debug|Any CPU
		{F45BAB2B-E9E4-448D-B89D-96BCF2E0DB99}.Debug|ARM64.Build.0 = Debug|Any CPU
		{F45BAB2B-E9E4-448D-B89D-96BCF2E0DB99}.Debug|iPhone.ActiveCfg = Debug|Any CPU
		{F45BAB2B-E9E4-448D-B89D-96BCF2E0DB99}.Debug|iPhone.Build.0 = Debug|Any CPU
		{F45BAB2B-E9E4-448D-B89D-96BCF2E0DB99}.Debug|iPhoneSimulator.ActiveCfg = Debug|Any CPU
		{F45BAB2B-E9E4-448D-B89D-96BCF2E0DB99}.Debug|iPhoneSimulator.Build.0 = Debug|Any CPU
		{F45BAB2B-E9E4-448D-B89D-96BCF2E0DB99}.Debug|x64.ActiveCfg = Debug|Any CPU
		{F45BAB2B-E9E4-448D-B89D-96BCF2E0DB99}.Debug|x64.Build.0 = Debug|Any CPU
		{F45BAB2B-E9E4-448D-B89D-96BCF2E0DB99}.Debug|x86.ActiveCfg = Debug|Any CPU
		{F45BAB2B-E9E4-448D-B89D-96BCF2E0DB99}.Debug|x86.Build.0 = Debug|Any CPU
		{F45BAB2B-E9E4-448D-B89D-96BCF2E0DB99}.Release|Any CPU.ActiveCfg = Release|Any CPU
		{F45BAB2B-E9E4-448D-B89D-96BCF2E0DB99}.Release|Any CPU.Build.0 = Release|Any CPU
		{F45BAB2B-E9E4-448D-B89D-96BCF2E0DB99}.Release|ARM.ActiveCfg = Release|Any CPU
		{F45BAB2B-E9E4-448D-B89D-96BCF2E0DB99}.Release|ARM.Build.0 = Release|Any CPU
		{F45BAB2B-E9E4-448D-B89D-96BCF2E0DB99}.Release|ARM64.ActiveCfg = Release|Any CPU
		{F45BAB2B-E9E4-448D-B89D-96BCF2E0DB99}.Release|ARM64.Build.0 = Release|Any CPU
		{F45BAB2B-E9E4-448D-B89D-96BCF2E0DB99}.Release|iPhone.ActiveCfg = Release|Any CPU
		{F45BAB2B-E9E4-448D-B89D-96BCF2E0DB99}.Release|iPhone.Build.0 = Release|Any CPU
		{F45BAB2B-E9E4-448D-B89D-96BCF2E0DB99}.Release|iPhoneSimulator.ActiveCfg = Release|Any CPU
		{F45BAB2B-E9E4-448D-B89D-96BCF2E0DB99}.Release|iPhoneSimulator.Build.0 = Release|Any CPU
		{F45BAB2B-E9E4-448D-B89D-96BCF2E0DB99}.Release|x64.ActiveCfg = Release|Any CPU
		{F45BAB2B-E9E4-448D-B89D-96BCF2E0DB99}.Release|x64.Build.0 = Release|Any CPU
		{F45BAB2B-E9E4-448D-B89D-96BCF2E0DB99}.Release|x86.ActiveCfg = Release|Any CPU
		{F45BAB2B-E9E4-448D-B89D-96BCF2E0DB99}.Release|x86.Build.0 = Release|Any CPU
		{5703649A-F0C2-451E-8833-1AA0D36BE883}.Ad-Hoc|Any CPU.ActiveCfg = Debug|Any CPU
		{5703649A-F0C2-451E-8833-1AA0D36BE883}.Ad-Hoc|Any CPU.Build.0 = Debug|Any CPU
		{5703649A-F0C2-451E-8833-1AA0D36BE883}.Ad-Hoc|Any CPU.Deploy.0 = Debug|Any CPU
		{5703649A-F0C2-451E-8833-1AA0D36BE883}.Ad-Hoc|ARM.ActiveCfg = Release|ARM
		{5703649A-F0C2-451E-8833-1AA0D36BE883}.Ad-Hoc|ARM.Build.0 = Release|ARM
		{5703649A-F0C2-451E-8833-1AA0D36BE883}.Ad-Hoc|ARM.Deploy.0 = Release|ARM
		{5703649A-F0C2-451E-8833-1AA0D36BE883}.Ad-Hoc|ARM64.ActiveCfg = Release|ARM64
		{5703649A-F0C2-451E-8833-1AA0D36BE883}.Ad-Hoc|ARM64.Build.0 = Release|ARM64
		{5703649A-F0C2-451E-8833-1AA0D36BE883}.Ad-Hoc|ARM64.Deploy.0 = Release|ARM64
		{5703649A-F0C2-451E-8833-1AA0D36BE883}.Ad-Hoc|iPhone.ActiveCfg = Debug|Any CPU
		{5703649A-F0C2-451E-8833-1AA0D36BE883}.Ad-Hoc|iPhone.Build.0 = Debug|Any CPU
		{5703649A-F0C2-451E-8833-1AA0D36BE883}.Ad-Hoc|iPhone.Deploy.0 = Debug|Any CPU
		{5703649A-F0C2-451E-8833-1AA0D36BE883}.Ad-Hoc|iPhoneSimulator.ActiveCfg = Debug|Any CPU
		{5703649A-F0C2-451E-8833-1AA0D36BE883}.Ad-Hoc|iPhoneSimulator.Build.0 = Debug|Any CPU
		{5703649A-F0C2-451E-8833-1AA0D36BE883}.Ad-Hoc|iPhoneSimulator.Deploy.0 = Debug|Any CPU
		{5703649A-F0C2-451E-8833-1AA0D36BE883}.Ad-Hoc|x64.ActiveCfg = Release|x64
		{5703649A-F0C2-451E-8833-1AA0D36BE883}.Ad-Hoc|x64.Build.0 = Release|x64
		{5703649A-F0C2-451E-8833-1AA0D36BE883}.Ad-Hoc|x64.Deploy.0 = Release|x64
		{5703649A-F0C2-451E-8833-1AA0D36BE883}.Ad-Hoc|x86.ActiveCfg = Release|x86
		{5703649A-F0C2-451E-8833-1AA0D36BE883}.Ad-Hoc|x86.Build.0 = Release|x86
		{5703649A-F0C2-451E-8833-1AA0D36BE883}.Ad-Hoc|x86.Deploy.0 = Release|x86
		{5703649A-F0C2-451E-8833-1AA0D36BE883}.AppStore|Any CPU.ActiveCfg = Debug|Any CPU
		{5703649A-F0C2-451E-8833-1AA0D36BE883}.AppStore|Any CPU.Build.0 = Debug|Any CPU
		{5703649A-F0C2-451E-8833-1AA0D36BE883}.AppStore|Any CPU.Deploy.0 = Debug|Any CPU
		{5703649A-F0C2-451E-8833-1AA0D36BE883}.AppStore|ARM.ActiveCfg = Release|ARM
		{5703649A-F0C2-451E-8833-1AA0D36BE883}.AppStore|ARM.Build.0 = Release|ARM
		{5703649A-F0C2-451E-8833-1AA0D36BE883}.AppStore|ARM.Deploy.0 = Release|ARM
		{5703649A-F0C2-451E-8833-1AA0D36BE883}.AppStore|ARM64.ActiveCfg = Release|ARM64
		{5703649A-F0C2-451E-8833-1AA0D36BE883}.AppStore|ARM64.Build.0 = Release|ARM64
		{5703649A-F0C2-451E-8833-1AA0D36BE883}.AppStore|ARM64.Deploy.0 = Release|ARM64
		{5703649A-F0C2-451E-8833-1AA0D36BE883}.AppStore|iPhone.ActiveCfg = Debug|Any CPU
		{5703649A-F0C2-451E-8833-1AA0D36BE883}.AppStore|iPhone.Build.0 = Debug|Any CPU
		{5703649A-F0C2-451E-8833-1AA0D36BE883}.AppStore|iPhone.Deploy.0 = Debug|Any CPU
		{5703649A-F0C2-451E-8833-1AA0D36BE883}.AppStore|iPhoneSimulator.ActiveCfg = Debug|Any CPU
		{5703649A-F0C2-451E-8833-1AA0D36BE883}.AppStore|iPhoneSimulator.Build.0 = Debug|Any CPU
		{5703649A-F0C2-451E-8833-1AA0D36BE883}.AppStore|iPhoneSimulator.Deploy.0 = Debug|Any CPU
		{5703649A-F0C2-451E-8833-1AA0D36BE883}.AppStore|x64.ActiveCfg = Release|x64
		{5703649A-F0C2-451E-8833-1AA0D36BE883}.AppStore|x64.Build.0 = Release|x64
		{5703649A-F0C2-451E-8833-1AA0D36BE883}.AppStore|x64.Deploy.0 = Release|x64
		{5703649A-F0C2-451E-8833-1AA0D36BE883}.AppStore|x86.ActiveCfg = Release|x86
		{5703649A-F0C2-451E-8833-1AA0D36BE883}.AppStore|x86.Build.0 = Release|x86
		{5703649A-F0C2-451E-8833-1AA0D36BE883}.AppStore|x86.Deploy.0 = Release|x86
		{5703649A-F0C2-451E-8833-1AA0D36BE883}.Debug|Any CPU.ActiveCfg = Debug|Any CPU
		{5703649A-F0C2-451E-8833-1AA0D36BE883}.Debug|Any CPU.Build.0 = Debug|Any CPU
		{5703649A-F0C2-451E-8833-1AA0D36BE883}.Debug|Any CPU.Deploy.0 = Debug|Any CPU
		{5703649A-F0C2-451E-8833-1AA0D36BE883}.Debug|ARM.ActiveCfg = Debug|ARM
		{5703649A-F0C2-451E-8833-1AA0D36BE883}.Debug|ARM.Build.0 = Debug|ARM
		{5703649A-F0C2-451E-8833-1AA0D36BE883}.Debug|ARM.Deploy.0 = Debug|ARM
		{5703649A-F0C2-451E-8833-1AA0D36BE883}.Debug|ARM64.ActiveCfg = Debug|ARM64
		{5703649A-F0C2-451E-8833-1AA0D36BE883}.Debug|ARM64.Build.0 = Debug|ARM64
		{5703649A-F0C2-451E-8833-1AA0D36BE883}.Debug|ARM64.Deploy.0 = Debug|ARM64
		{5703649A-F0C2-451E-8833-1AA0D36BE883}.Debug|iPhone.ActiveCfg = Debug|Any CPU
		{5703649A-F0C2-451E-8833-1AA0D36BE883}.Debug|iPhone.Build.0 = Debug|Any CPU
		{5703649A-F0C2-451E-8833-1AA0D36BE883}.Debug|iPhone.Deploy.0 = Debug|Any CPU
		{5703649A-F0C2-451E-8833-1AA0D36BE883}.Debug|iPhoneSimulator.ActiveCfg = Debug|Any CPU
		{5703649A-F0C2-451E-8833-1AA0D36BE883}.Debug|iPhoneSimulator.Build.0 = Debug|Any CPU
		{5703649A-F0C2-451E-8833-1AA0D36BE883}.Debug|iPhoneSimulator.Deploy.0 = Debug|Any CPU
		{5703649A-F0C2-451E-8833-1AA0D36BE883}.Debug|x64.ActiveCfg = Debug|x64
		{5703649A-F0C2-451E-8833-1AA0D36BE883}.Debug|x64.Build.0 = Debug|x64
		{5703649A-F0C2-451E-8833-1AA0D36BE883}.Debug|x64.Deploy.0 = Debug|x64
		{5703649A-F0C2-451E-8833-1AA0D36BE883}.Debug|x86.ActiveCfg = Debug|x86
		{5703649A-F0C2-451E-8833-1AA0D36BE883}.Debug|x86.Build.0 = Debug|x86
		{5703649A-F0C2-451E-8833-1AA0D36BE883}.Debug|x86.Deploy.0 = Debug|x86
		{5703649A-F0C2-451E-8833-1AA0D36BE883}.Release|Any CPU.ActiveCfg = Release|Any CPU
		{5703649A-F0C2-451E-8833-1AA0D36BE883}.Release|Any CPU.Build.0 = Release|Any CPU
		{5703649A-F0C2-451E-8833-1AA0D36BE883}.Release|Any CPU.Deploy.0 = Release|Any CPU
		{5703649A-F0C2-451E-8833-1AA0D36BE883}.Release|ARM.ActiveCfg = Release|ARM
		{5703649A-F0C2-451E-8833-1AA0D36BE883}.Release|ARM.Build.0 = Release|ARM
		{5703649A-F0C2-451E-8833-1AA0D36BE883}.Release|ARM.Deploy.0 = Release|ARM
		{5703649A-F0C2-451E-8833-1AA0D36BE883}.Release|ARM64.ActiveCfg = Release|ARM64
		{5703649A-F0C2-451E-8833-1AA0D36BE883}.Release|ARM64.Build.0 = Release|ARM64
		{5703649A-F0C2-451E-8833-1AA0D36BE883}.Release|ARM64.Deploy.0 = Release|ARM64
		{5703649A-F0C2-451E-8833-1AA0D36BE883}.Release|iPhone.ActiveCfg = Release|Any CPU
		{5703649A-F0C2-451E-8833-1AA0D36BE883}.Release|iPhone.Build.0 = Release|Any CPU
		{5703649A-F0C2-451E-8833-1AA0D36BE883}.Release|iPhone.Deploy.0 = Release|Any CPU
		{5703649A-F0C2-451E-8833-1AA0D36BE883}.Release|iPhoneSimulator.ActiveCfg = Release|Any CPU
		{5703649A-F0C2-451E-8833-1AA0D36BE883}.Release|iPhoneSimulator.Build.0 = Release|Any CPU
		{5703649A-F0C2-451E-8833-1AA0D36BE883}.Release|iPhoneSimulator.Deploy.0 = Release|Any CPU
		{5703649A-F0C2-451E-8833-1AA0D36BE883}.Release|x64.ActiveCfg = Release|x64
		{5703649A-F0C2-451E-8833-1AA0D36BE883}.Release|x64.Build.0 = Release|x64
		{5703649A-F0C2-451E-8833-1AA0D36BE883}.Release|x64.Deploy.0 = Release|x64
		{5703649A-F0C2-451E-8833-1AA0D36BE883}.Release|x86.ActiveCfg = Release|x86
		{5703649A-F0C2-451E-8833-1AA0D36BE883}.Release|x86.Build.0 = Release|x86
		{5703649A-F0C2-451E-8833-1AA0D36BE883}.Release|x86.Deploy.0 = Release|x86
	EndGlobalSection
	GlobalSection(SolutionProperties) = preSolution
		HideSolutionNode = FALSE
	EndGlobalSection
	GlobalSection(NestedProjects) = preSolution
		{15295A45-441E-4406-BC75-55CA3D0C7A38} = {AA472CDD-723A-4DF4-956E-68BB5DAA1F7E}
		{1FFBC722-6B90-4591-9A63-B9D0F4820FEE} = {7B34B6E5-4066-434D-B0C9-6205394D2070}
		{0B3BA88D-D945-4A8C-88AA-F824FEE128E8} = {7B34B6E5-4066-434D-B0C9-6205394D2070}
		{F45BAB2B-E9E4-448D-B89D-96BCF2E0DB99} = {0B3BA88D-D945-4A8C-88AA-F824FEE128E8}
		{5703649A-F0C2-451E-8833-1AA0D36BE883} = {0B3BA88D-D945-4A8C-88AA-F824FEE128E8}
	EndGlobalSection
	GlobalSection(ExtensibilityGlobals) = postSolution
		SolutionGuid = {F6D05029-56B8-4E45-AF2D-0E76295DDBA2}
	EndGlobalSection
EndGlobal
