Microsoft Visual Studio Solution File, Format Version 12.00
# Visual Studio Version 16
VisualStudioVersion = 16.0.28917.182
MinimumVisualStudioVersion = 10.0.40219.1
Project("{6EC3EE1D-3C4E-46DD-8F32-0CC8E7565705}") = "FileSplit", "FileSplit\FileSplit.fsproj", "{D04729E6-637F-47B6-984E-60E7B5691D33}"
EndProject
Project("{F2A71F9B-5D33-465A-A702-920D77279786}") = "FileSplit.Android", "FileSplit.Android\FileSplit.Android.fsproj", "{D82DC462-9075-44EA-A6F3-F643EADC146B}"
EndProject
Project("{F2A71F9B-5D33-465A-A702-920D77279786}") = "FileSplit.iOS", "FileSplit.iOS\FileSplit.iOS.fsproj", "{EB95F671-3EFD-4B4C-8123-32E04EA1E195}"
EndProject
Project("{F2A71F9B-5D33-465A-A702-920D77279786}") = "FileSplit.macOS", "FileSplit.macOS\FileSplit.macOS.fsproj", "{EAE6249D-7471-41F5-A939-CF8C733EE80C}"
EndProject
Project("{6EC3EE1D-3C4E-46DD-8F32-0CC8E7565705}") = "FileSplit.WPF", "FileSplit.WPF\FileSplit.WPF.fsproj", "{04360D31-FD4A-4435-AF64-54E1CC8BA168}"
EndProject
Project("{FAE04EC0-301F-11D3-BF4B-00C04F79EFBC}") = "FileSplit.UWP", "FileSplit.UWP\FileSplit.UWP.csproj", "{E37702DE-1D21-44D3-91B2-FB65745606E6}"
EndProject
Project("{2150E333-8FDC-42A3-9474-1A3956D46DE8}") = "1 - Core", "1 - Core", "{AA472CDD-723A-4DF4-956E-68BB5DAA1F7E}"
EndProject
Project("{F2A71F9B-5D33-465A-A702-920D77279786}") = "FileSplit.Core", "FileSplit.Core\FileSplit.Core.fsproj", "{15295A45-441E-4406-BC75-55CA3D0C7A38}"
EndProject
Global
	GlobalSection(SolutionConfigurationPlatforms) = preSolution
		Ad-Hoc|Any CPU = Ad-Hoc|Any CPU
		Ad-Hoc|ARM = Ad-Hoc|ARM
		Ad-Hoc|iPhone = Ad-Hoc|iPhone
		Ad-Hoc|iPhoneSimulator = Ad-Hoc|iPhoneSimulator
		Ad-Hoc|x64 = Ad-Hoc|x64
		Ad-Hoc|x86 = Ad-Hoc|x86
		AppStore|Any CPU = AppStore|Any CPU
		AppStore|ARM = AppStore|ARM
		AppStore|iPhone = AppStore|iPhone
		AppStore|iPhoneSimulator = AppStore|iPhoneSimulator
		AppStore|x64 = AppStore|x64
		AppStore|x86 = AppStore|x86
		Debug|Any CPU = Debug|Any CPU
		Debug|ARM = Debug|ARM
		Debug|iPhone = Debug|iPhone
		Debug|iPhoneSimulator = Debug|iPhoneSimulator
		Debug|x64 = Debug|x64
		Debug|x86 = Debug|x86
		Release|Any CPU = Release|Any CPU
		Release|ARM = Release|ARM
		Release|iPhone = Release|iPhone
		Release|iPhoneSimulator = Release|iPhoneSimulator
		Release|x64 = Release|x64
		Release|x86 = Release|x86
	EndGlobalSection
	GlobalSection(ProjectConfigurationPlatforms) = postSolution
		{D04729E6-637F-47B6-984E-60E7B5691D33}.Ad-Hoc|Any CPU.ActiveCfg = Debug|Any CPU
		{D04729E6-637F-47B6-984E-60E7B5691D33}.Ad-Hoc|Any CPU.Build.0 = Debug|Any CPU
		{D04729E6-637F-47B6-984E-60E7B5691D33}.Ad-Hoc|ARM.ActiveCfg = Debug|Any CPU
		{D04729E6-637F-47B6-984E-60E7B5691D33}.Ad-Hoc|ARM.Build.0 = Debug|Any CPU
		{D04729E6-637F-47B6-984E-60E7B5691D33}.Ad-Hoc|iPhone.ActiveCfg = Debug|Any CPU
		{D04729E6-637F-47B6-984E-60E7B5691D33}.Ad-Hoc|iPhone.Build.0 = Debug|Any CPU
		{D04729E6-637F-47B6-984E-60E7B5691D33}.Ad-Hoc|iPhoneSimulator.ActiveCfg = Debug|Any CPU
		{D04729E6-637F-47B6-984E-60E7B5691D33}.Ad-Hoc|iPhoneSimulator.Build.0 = Debug|Any CPU
		{D04729E6-637F-47B6-984E-60E7B5691D33}.Ad-Hoc|x64.ActiveCfg = Debug|Any CPU
		{D04729E6-637F-47B6-984E-60E7B5691D33}.Ad-Hoc|x64.Build.0 = Debug|Any CPU
		{D04729E6-637F-47B6-984E-60E7B5691D33}.Ad-Hoc|x86.ActiveCfg = Debug|Any CPU
		{D04729E6-637F-47B6-984E-60E7B5691D33}.Ad-Hoc|x86.Build.0 = Debug|Any CPU
		{D04729E6-637F-47B6-984E-60E7B5691D33}.AppStore|Any CPU.ActiveCfg = Debug|Any CPU
		{D04729E6-637F-47B6-984E-60E7B5691D33}.AppStore|Any CPU.Build.0 = Debug|Any CPU
		{D04729E6-637F-47B6-984E-60E7B5691D33}.AppStore|ARM.ActiveCfg = Debug|Any CPU
		{D04729E6-637F-47B6-984E-60E7B5691D33}.AppStore|ARM.Build.0 = Debug|Any CPU
		{D04729E6-637F-47B6-984E-60E7B5691D33}.AppStore|iPhone.ActiveCfg = Debug|Any CPU
		{D04729E6-637F-47B6-984E-60E7B5691D33}.AppStore|iPhone.Build.0 = Debug|Any CPU
		{D04729E6-637F-47B6-984E-60E7B5691D33}.AppStore|iPhoneSimulator.ActiveCfg = Debug|Any CPU
		{D04729E6-637F-47B6-984E-60E7B5691D33}.AppStore|iPhoneSimulator.Build.0 = Debug|Any CPU
		{D04729E6-637F-47B6-984E-60E7B5691D33}.AppStore|x64.ActiveCfg = Debug|Any CPU
		{D04729E6-637F-47B6-984E-60E7B5691D33}.AppStore|x64.Build.0 = Debug|Any CPU
		{D04729E6-637F-47B6-984E-60E7B5691D33}.AppStore|x86.ActiveCfg = Debug|Any CPU
		{D04729E6-637F-47B6-984E-60E7B5691D33}.AppStore|x86.Build.0 = Debug|Any CPU
		{D04729E6-637F-47B6-984E-60E7B5691D33}.Debug|Any CPU.ActiveCfg = Debug|Any CPU
		{D04729E6-637F-47B6-984E-60E7B5691D33}.Debug|Any CPU.Build.0 = Debug|Any CPU
		{D04729E6-637F-47B6-984E-60E7B5691D33}.Debug|ARM.ActiveCfg = Debug|Any CPU
		{D04729E6-637F-47B6-984E-60E7B5691D33}.Debug|ARM.Build.0 = Debug|Any CPU
		{D04729E6-637F-47B6-984E-60E7B5691D33}.Debug|iPhone.ActiveCfg = Debug|Any CPU
		{D04729E6-637F-47B6-984E-60E7B5691D33}.Debug|iPhone.Build.0 = Debug|Any CPU
		{D04729E6-637F-47B6-984E-60E7B5691D33}.Debug|iPhoneSimulator.ActiveCfg = Debug|Any CPU
		{D04729E6-637F-47B6-984E-60E7B5691D33}.Debug|iPhoneSimulator.Build.0 = Debug|Any CPU
		{D04729E6-637F-47B6-984E-60E7B5691D33}.Debug|x64.ActiveCfg = Debug|Any CPU
		{D04729E6-637F-47B6-984E-60E7B5691D33}.Debug|x64.Build.0 = Debug|Any CPU
		{D04729E6-637F-47B6-984E-60E7B5691D33}.Debug|x86.ActiveCfg = Debug|Any CPU
		{D04729E6-637F-47B6-984E-60E7B5691D33}.Debug|x86.Build.0 = Debug|Any CPU
		{D04729E6-637F-47B6-984E-60E7B5691D33}.Release|Any CPU.ActiveCfg = Release|Any CPU
		{D04729E6-637F-47B6-984E-60E7B5691D33}.Release|Any CPU.Build.0 = Release|Any CPU
		{D04729E6-637F-47B6-984E-60E7B5691D33}.Release|ARM.ActiveCfg = Release|Any CPU
		{D04729E6-637F-47B6-984E-60E7B5691D33}.Release|ARM.Build.0 = Release|Any CPU
		{D04729E6-637F-47B6-984E-60E7B5691D33}.Release|iPhone.ActiveCfg = Release|Any CPU
		{D04729E6-637F-47B6-984E-60E7B5691D33}.Release|iPhone.Build.0 = Release|Any CPU
		{D04729E6-637F-47B6-984E-60E7B5691D33}.Release|iPhoneSimulator.ActiveCfg = Release|Any CPU
		{D04729E6-637F-47B6-984E-60E7B5691D33}.Release|iPhoneSimulator.Build.0 = Release|Any CPU
		{D04729E6-637F-47B6-984E-60E7B5691D33}.Release|x64.ActiveCfg = Release|Any CPU
		{D04729E6-637F-47B6-984E-60E7B5691D33}.Release|x64.Build.0 = Release|Any CPU
		{D04729E6-637F-47B6-984E-60E7B5691D33}.Release|x86.ActiveCfg = Release|Any CPU
		{D04729E6-637F-47B6-984E-60E7B5691D33}.Release|x86.Build.0 = Release|Any CPU
		{D82DC462-9075-44EA-A6F3-F643EADC146B}.Ad-Hoc|Any CPU.ActiveCfg = Release|Any CPU
		{D82DC462-9075-44EA-A6F3-F643EADC146B}.Ad-Hoc|Any CPU.Build.0 = Release|Any CPU
		{D82DC462-9075-44EA-A6F3-F643EADC146B}.Ad-Hoc|ARM.ActiveCfg = Release|Any CPU
		{D82DC462-9075-44EA-A6F3-F643EADC146B}.Ad-Hoc|ARM.Build.0 = Release|Any CPU
		{D82DC462-9075-44EA-A6F3-F643EADC146B}.Ad-Hoc|iPhone.ActiveCfg = Release|Any CPU
		{D82DC462-9075-44EA-A6F3-F643EADC146B}.Ad-Hoc|iPhone.Build.0 = Release|Any CPU
		{D82DC462-9075-44EA-A6F3-F643EADC146B}.Ad-Hoc|iPhoneSimulator.ActiveCfg = Release|Any CPU
		{D82DC462-9075-44EA-A6F3-F643EADC146B}.Ad-Hoc|iPhoneSimulator.Build.0 = Release|Any CPU
		{D82DC462-9075-44EA-A6F3-F643EADC146B}.Ad-Hoc|x64.ActiveCfg = Release|Any CPU
		{D82DC462-9075-44EA-A6F3-F643EADC146B}.Ad-Hoc|x64.Build.0 = Release|Any CPU
		{D82DC462-9075-44EA-A6F3-F643EADC146B}.Ad-Hoc|x86.ActiveCfg = Release|Any CPU
		{D82DC462-9075-44EA-A6F3-F643EADC146B}.Ad-Hoc|x86.Build.0 = Release|Any CPU
		{D82DC462-9075-44EA-A6F3-F643EADC146B}.AppStore|Any CPU.ActiveCfg = Release|Any CPU
		{D82DC462-9075-44EA-A6F3-F643EADC146B}.AppStore|Any CPU.Build.0 = Release|Any CPU
		{D82DC462-9075-44EA-A6F3-F643EADC146B}.AppStore|ARM.ActiveCfg = Release|Any CPU
		{D82DC462-9075-44EA-A6F3-F643EADC146B}.AppStore|ARM.Build.0 = Release|Any CPU
		{D82DC462-9075-44EA-A6F3-F643EADC146B}.AppStore|iPhone.ActiveCfg = Release|Any CPU
		{D82DC462-9075-44EA-A6F3-F643EADC146B}.AppStore|iPhone.Build.0 = Release|Any CPU
		{D82DC462-9075-44EA-A6F3-F643EADC146B}.AppStore|iPhoneSimulator.ActiveCfg = Release|Any CPU
		{D82DC462-9075-44EA-A6F3-F643EADC146B}.AppStore|iPhoneSimulator.Build.0 = Release|Any CPU
		{D82DC462-9075-44EA-A6F3-F643EADC146B}.AppStore|x64.ActiveCfg = Release|Any CPU
		{D82DC462-9075-44EA-A6F3-F643EADC146B}.AppStore|x64.Build.0 = Release|Any CPU
		{D82DC462-9075-44EA-A6F3-F643EADC146B}.AppStore|x86.ActiveCfg = Release|Any CPU
		{D82DC462-9075-44EA-A6F3-F643EADC146B}.AppStore|x86.Build.0 = Release|Any CPU
		{D82DC462-9075-44EA-A6F3-F643EADC146B}.Debug|Any CPU.ActiveCfg = Debug|Any CPU
		{D82DC462-9075-44EA-A6F3-F643EADC146B}.Debug|Any CPU.Build.0 = Debug|Any CPU
		{D82DC462-9075-44EA-A6F3-F643EADC146B}.Debug|Any CPU.Deploy.0 = Debug|Any CPU
		{D82DC462-9075-44EA-A6F3-F643EADC146B}.Debug|ARM.ActiveCfg = Debug|Any CPU
		{D82DC462-9075-44EA-A6F3-F643EADC146B}.Debug|ARM.Build.0 = Debug|Any CPU
		{D82DC462-9075-44EA-A6F3-F643EADC146B}.Debug|iPhone.ActiveCfg = Debug|Any CPU
		{D82DC462-9075-44EA-A6F3-F643EADC146B}.Debug|iPhone.Build.0 = Debug|Any CPU
		{D82DC462-9075-44EA-A6F3-F643EADC146B}.Debug|iPhoneSimulator.ActiveCfg = Debug|Any CPU
		{D82DC462-9075-44EA-A6F3-F643EADC146B}.Debug|iPhoneSimulator.Build.0 = Debug|Any CPU
		{D82DC462-9075-44EA-A6F3-F643EADC146B}.Debug|x64.ActiveCfg = Debug|Any CPU
		{D82DC462-9075-44EA-A6F3-F643EADC146B}.Debug|x64.Build.0 = Debug|Any CPU
		{D82DC462-9075-44EA-A6F3-F643EADC146B}.Debug|x86.ActiveCfg = Debug|Any CPU
		{D82DC462-9075-44EA-A6F3-F643EADC146B}.Debug|x86.Build.0 = Debug|Any CPU
		{D82DC462-9075-44EA-A6F3-F643EADC146B}.Release|Any CPU.ActiveCfg = Release|Any CPU
		{D82DC462-9075-44EA-A6F3-F643EADC146B}.Release|Any CPU.Build.0 = Release|Any CPU
		{D82DC462-9075-44EA-A6F3-F643EADC146B}.Release|Any CPU.Deploy.0 = Release|Any CPU
		{D82DC462-9075-44EA-A6F3-F643EADC146B}.Release|ARM.ActiveCfg = Release|Any CPU
		{D82DC462-9075-44EA-A6F3-F643EADC146B}.Release|ARM.Build.0 = Release|Any CPU
		{D82DC462-9075-44EA-A6F3-F643EADC146B}.Release|iPhone.ActiveCfg = Release|Any CPU
		{D82DC462-9075-44EA-A6F3-F643EADC146B}.Release|iPhone.Build.0 = Release|Any CPU
		{D82DC462-9075-44EA-A6F3-F643EADC146B}.Release|iPhoneSimulator.ActiveCfg = Release|Any CPU
		{D82DC462-9075-44EA-A6F3-F643EADC146B}.Release|iPhoneSimulator.Build.0 = Release|Any CPU
		{D82DC462-9075-44EA-A6F3-F643EADC146B}.Release|x64.ActiveCfg = Release|Any CPU
		{D82DC462-9075-44EA-A6F3-F643EADC146B}.Release|x64.Build.0 = Release|Any CPU
		{D82DC462-9075-44EA-A6F3-F643EADC146B}.Release|x86.ActiveCfg = Release|Any CPU
		{D82DC462-9075-44EA-A6F3-F643EADC146B}.Release|x86.Build.0 = Release|Any CPU
		{EB95F671-3EFD-4B4C-8123-32E04EA1E195}.Ad-Hoc|Any CPU.ActiveCfg = Ad-Hoc|iPhone
		{EB95F671-3EFD-4B4C-8123-32E04EA1E195}.Ad-Hoc|ARM.ActiveCfg = Ad-Hoc|iPhone
		{EB95F671-3EFD-4B4C-8123-32E04EA1E195}.Ad-Hoc|iPhone.ActiveCfg = Ad-Hoc|iPhone
		{EB95F671-3EFD-4B4C-8123-32E04EA1E195}.Ad-Hoc|iPhone.Build.0 = Ad-Hoc|iPhone
		{EB95F671-3EFD-4B4C-8123-32E04EA1E195}.Ad-Hoc|iPhoneSimulator.ActiveCfg = Ad-Hoc|iPhoneSimulator
		{EB95F671-3EFD-4B4C-8123-32E04EA1E195}.Ad-Hoc|iPhoneSimulator.Build.0 = Ad-Hoc|iPhoneSimulator
		{EB95F671-3EFD-4B4C-8123-32E04EA1E195}.Ad-Hoc|x64.ActiveCfg = Ad-Hoc|iPhone
		{EB95F671-3EFD-4B4C-8123-32E04EA1E195}.Ad-Hoc|x86.ActiveCfg = Ad-Hoc|iPhone
		{EB95F671-3EFD-4B4C-8123-32E04EA1E195}.AppStore|Any CPU.ActiveCfg = AppStore|iPhone
		{EB95F671-3EFD-4B4C-8123-32E04EA1E195}.AppStore|ARM.ActiveCfg = AppStore|iPhone
		{EB95F671-3EFD-4B4C-8123-32E04EA1E195}.AppStore|iPhone.ActiveCfg = AppStore|iPhone
		{EB95F671-3EFD-4B4C-8123-32E04EA1E195}.AppStore|iPhone.Build.0 = AppStore|iPhone
		{EB95F671-3EFD-4B4C-8123-32E04EA1E195}.AppStore|iPhoneSimulator.ActiveCfg = AppStore|iPhoneSimulator
		{EB95F671-3EFD-4B4C-8123-32E04EA1E195}.AppStore|iPhoneSimulator.Build.0 = AppStore|iPhoneSimulator
		{EB95F671-3EFD-4B4C-8123-32E04EA1E195}.AppStore|x64.ActiveCfg = AppStore|iPhone
		{EB95F671-3EFD-4B4C-8123-32E04EA1E195}.AppStore|x86.ActiveCfg = AppStore|iPhone
		{EB95F671-3EFD-4B4C-8123-32E04EA1E195}.Debug|Any CPU.ActiveCfg = Debug|iPhone
		{EB95F671-3EFD-4B4C-8123-32E04EA1E195}.Debug|ARM.ActiveCfg = Debug|iPhone
		{EB95F671-3EFD-4B4C-8123-32E04EA1E195}.Debug|iPhone.ActiveCfg = Debug|iPhone
		{EB95F671-3EFD-4B4C-8123-32E04EA1E195}.Debug|iPhone.Build.0 = Debug|iPhone
		{EB95F671-3EFD-4B4C-8123-32E04EA1E195}.Debug|iPhoneSimulator.ActiveCfg = Debug|iPhoneSimulator
		{EB95F671-3EFD-4B4C-8123-32E04EA1E195}.Debug|iPhoneSimulator.Build.0 = Debug|iPhoneSimulator
		{EB95F671-3EFD-4B4C-8123-32E04EA1E195}.Debug|x64.ActiveCfg = Debug|iPhone
		{EB95F671-3EFD-4B4C-8123-32E04EA1E195}.Debug|x86.ActiveCfg = Debug|iPhone
		{EB95F671-3EFD-4B4C-8123-32E04EA1E195}.Release|Any CPU.ActiveCfg = Release|iPhone
		{EB95F671-3EFD-4B4C-8123-32E04EA1E195}.Release|ARM.ActiveCfg = Release|iPhone
		{EB95F671-3EFD-4B4C-8123-32E04EA1E195}.Release|iPhone.ActiveCfg = Release|iPhone
		{EB95F671-3EFD-4B4C-8123-32E04EA1E195}.Release|iPhone.Build.0 = Release|iPhone
		{EB95F671-3EFD-4B4C-8123-32E04EA1E195}.Release|iPhoneSimulator.ActiveCfg = Release|iPhoneSimulator
		{EB95F671-3EFD-4B4C-8123-32E04EA1E195}.Release|iPhoneSimulator.Build.0 = Release|iPhoneSimulator
		{EB95F671-3EFD-4B4C-8123-32E04EA1E195}.Release|x64.ActiveCfg = Release|iPhone
		{EB95F671-3EFD-4B4C-8123-32E04EA1E195}.Release|x86.ActiveCfg = Release|iPhone
		{EAE6249D-7471-41F5-A939-CF8C733EE80C}.Ad-Hoc|Any CPU.ActiveCfg = Release|Any CPU
		{EAE6249D-7471-41F5-A939-CF8C733EE80C}.Ad-Hoc|Any CPU.Build.0 = Release|Any CPU
		{EAE6249D-7471-41F5-A939-CF8C733EE80C}.Ad-Hoc|ARM.ActiveCfg = Release|Any CPU
		{EAE6249D-7471-41F5-A939-CF8C733EE80C}.Ad-Hoc|ARM.Build.0 = Release|Any CPU
		{EAE6249D-7471-41F5-A939-CF8C733EE80C}.Ad-Hoc|iPhone.ActiveCfg = Release|Any CPU
		{EAE6249D-7471-41F5-A939-CF8C733EE80C}.Ad-Hoc|iPhone.Build.0 = Release|Any CPU
		{EAE6249D-7471-41F5-A939-CF8C733EE80C}.Ad-Hoc|iPhoneSimulator.ActiveCfg = Release|Any CPU
		{EAE6249D-7471-41F5-A939-CF8C733EE80C}.Ad-Hoc|iPhoneSimulator.Build.0 = Release|Any CPU
		{EAE6249D-7471-41F5-A939-CF8C733EE80C}.Ad-Hoc|x64.ActiveCfg = Release|Any CPU
		{EAE6249D-7471-41F5-A939-CF8C733EE80C}.Ad-Hoc|x64.Build.0 = Release|Any CPU
		{EAE6249D-7471-41F5-A939-CF8C733EE80C}.Ad-Hoc|x86.ActiveCfg = Release|Any CPU
		{EAE6249D-7471-41F5-A939-CF8C733EE80C}.Ad-Hoc|x86.Build.0 = Release|Any CPU
		{EAE6249D-7471-41F5-A939-CF8C733EE80C}.AppStore|Any CPU.ActiveCfg = Release|Any CPU
		{EAE6249D-7471-41F5-A939-CF8C733EE80C}.AppStore|Any CPU.Build.0 = Release|Any CPU
		{EAE6249D-7471-41F5-A939-CF8C733EE80C}.AppStore|ARM.ActiveCfg = Release|Any CPU
		{EAE6249D-7471-41F5-A939-CF8C733EE80C}.AppStore|ARM.Build.0 = Release|Any CPU
		{EAE6249D-7471-41F5-A939-CF8C733EE80C}.AppStore|iPhone.ActiveCfg = Release|Any CPU
		{EAE6249D-7471-41F5-A939-CF8C733EE80C}.AppStore|iPhone.Build.0 = Release|Any CPU
		{EAE6249D-7471-41F5-A939-CF8C733EE80C}.AppStore|iPhoneSimulator.ActiveCfg = Release|Any CPU
		{EAE6249D-7471-41F5-A939-CF8C733EE80C}.AppStore|iPhoneSimulator.Build.0 = Release|Any CPU
		{EAE6249D-7471-41F5-A939-CF8C733EE80C}.AppStore|x64.ActiveCfg = Release|Any CPU
		{EAE6249D-7471-41F5-A939-CF8C733EE80C}.AppStore|x64.Build.0 = Release|Any CPU
		{EAE6249D-7471-41F5-A939-CF8C733EE80C}.AppStore|x86.ActiveCfg = Release|Any CPU
		{EAE6249D-7471-41F5-A939-CF8C733EE80C}.AppStore|x86.Build.0 = Release|Any CPU
		{EAE6249D-7471-41F5-A939-CF8C733EE80C}.Debug|Any CPU.ActiveCfg = Debug|Any CPU
		{EAE6249D-7471-41F5-A939-CF8C733EE80C}.Debug|Any CPU.Build.0 = Debug|Any CPU
		{EAE6249D-7471-41F5-A939-CF8C733EE80C}.Debug|ARM.ActiveCfg = Debug|Any CPU
		{EAE6249D-7471-41F5-A939-CF8C733EE80C}.Debug|ARM.Build.0 = Debug|Any CPU
		{EAE6249D-7471-41F5-A939-CF8C733EE80C}.Debug|iPhone.ActiveCfg = Debug|Any CPU
		{EAE6249D-7471-41F5-A939-CF8C733EE80C}.Debug|iPhone.Build.0 = Debug|Any CPU
		{EAE6249D-7471-41F5-A939-CF8C733EE80C}.Debug|iPhoneSimulator.ActiveCfg = Debug|Any CPU
		{EAE6249D-7471-41F5-A939-CF8C733EE80C}.Debug|iPhoneSimulator.Build.0 = Debug|Any CPU
		{EAE6249D-7471-41F5-A939-CF8C733EE80C}.Debug|x64.ActiveCfg = Debug|Any CPU
		{EAE6249D-7471-41F5-A939-CF8C733EE80C}.Debug|x64.Build.0 = Debug|Any CPU
		{EAE6249D-7471-41F5-A939-CF8C733EE80C}.Debug|x86.ActiveCfg = Debug|Any CPU
		{EAE6249D-7471-41F5-A939-CF8C733EE80C}.Debug|x86.Build.0 = Debug|Any CPU
		{EAE6249D-7471-41F5-A939-CF8C733EE80C}.Release|Any CPU.ActiveCfg = Release|Any CPU
		{EAE6249D-7471-41F5-A939-CF8C733EE80C}.Release|Any CPU.Build.0 = Release|Any CPU
		{EAE6249D-7471-41F5-A939-CF8C733EE80C}.Release|ARM.ActiveCfg = Release|Any CPU
		{EAE6249D-7471-41F5-A939-CF8C733EE80C}.Release|ARM.Build.0 = Release|Any CPU
		{EAE6249D-7471-41F5-A939-CF8C733EE80C}.Release|iPhone.ActiveCfg = Release|Any CPU
		{EAE6249D-7471-41F5-A939-CF8C733EE80C}.Release|iPhone.Build.0 = Release|Any CPU
		{EAE6249D-7471-41F5-A939-CF8C733EE80C}.Release|iPhoneSimulator.ActiveCfg = Release|Any CPU
		{EAE6249D-7471-41F5-A939-CF8C733EE80C}.Release|iPhoneSimulator.Build.0 = Release|Any CPU
		{EAE6249D-7471-41F5-A939-CF8C733EE80C}.Release|x64.ActiveCfg = Release|Any CPU
		{EAE6249D-7471-41F5-A939-CF8C733EE80C}.Release|x64.Build.0 = Release|Any CPU
		{EAE6249D-7471-41F5-A939-CF8C733EE80C}.Release|x86.ActiveCfg = Release|Any CPU
		{EAE6249D-7471-41F5-A939-CF8C733EE80C}.Release|x86.Build.0 = Release|Any CPU
		{04360D31-FD4A-4435-AF64-54E1CC8BA168}.Ad-Hoc|Any CPU.ActiveCfg = Release|Any CPU
		{04360D31-FD4A-4435-AF64-54E1CC8BA168}.Ad-Hoc|Any CPU.Build.0 = Release|Any CPU
		{04360D31-FD4A-4435-AF64-54E1CC8BA168}.Ad-Hoc|ARM.ActiveCfg = Release|Any CPU
		{04360D31-FD4A-4435-AF64-54E1CC8BA168}.Ad-Hoc|ARM.Build.0 = Release|Any CPU
		{04360D31-FD4A-4435-AF64-54E1CC8BA168}.Ad-Hoc|iPhone.ActiveCfg = Release|Any CPU
		{04360D31-FD4A-4435-AF64-54E1CC8BA168}.Ad-Hoc|iPhone.Build.0 = Release|Any CPU
		{04360D31-FD4A-4435-AF64-54E1CC8BA168}.Ad-Hoc|iPhoneSimulator.ActiveCfg = Release|Any CPU
		{04360D31-FD4A-4435-AF64-54E1CC8BA168}.Ad-Hoc|iPhoneSimulator.Build.0 = Release|Any CPU
		{04360D31-FD4A-4435-AF64-54E1CC8BA168}.Ad-Hoc|x64.ActiveCfg = Release|Any CPU
		{04360D31-FD4A-4435-AF64-54E1CC8BA168}.Ad-Hoc|x64.Build.0 = Release|Any CPU
		{04360D31-FD4A-4435-AF64-54E1CC8BA168}.Ad-Hoc|x86.ActiveCfg = Release|Any CPU
		{04360D31-FD4A-4435-AF64-54E1CC8BA168}.Ad-Hoc|x86.Build.0 = Release|Any CPU
		{04360D31-FD4A-4435-AF64-54E1CC8BA168}.AppStore|Any CPU.ActiveCfg = Release|Any CPU
		{04360D31-FD4A-4435-AF64-54E1CC8BA168}.AppStore|Any CPU.Build.0 = Release|Any CPU
		{04360D31-FD4A-4435-AF64-54E1CC8BA168}.AppStore|ARM.ActiveCfg = Release|Any CPU
		{04360D31-FD4A-4435-AF64-54E1CC8BA168}.AppStore|ARM.Build.0 = Release|Any CPU
		{04360D31-FD4A-4435-AF64-54E1CC8BA168}.AppStore|iPhone.ActiveCfg = Release|Any CPU
		{04360D31-FD4A-4435-AF64-54E1CC8BA168}.AppStore|iPhone.Build.0 = Release|Any CPU
		{04360D31-FD4A-4435-AF64-54E1CC8BA168}.AppStore|iPhoneSimulator.ActiveCfg = Release|Any CPU
		{04360D31-FD4A-4435-AF64-54E1CC8BA168}.AppStore|iPhoneSimulator.Build.0 = Release|Any CPU
		{04360D31-FD4A-4435-AF64-54E1CC8BA168}.AppStore|x64.ActiveCfg = Release|Any CPU
		{04360D31-FD4A-4435-AF64-54E1CC8BA168}.AppStore|x64.Build.0 = Release|Any CPU
		{04360D31-FD4A-4435-AF64-54E1CC8BA168}.AppStore|x86.ActiveCfg = Release|Any CPU
		{04360D31-FD4A-4435-AF64-54E1CC8BA168}.AppStore|x86.Build.0 = Release|Any CPU
		{04360D31-FD4A-4435-AF64-54E1CC8BA168}.Debug|Any CPU.ActiveCfg = Debug|Any CPU
		{04360D31-FD4A-4435-AF64-54E1CC8BA168}.Debug|Any CPU.Build.0 = Debug|Any CPU
		{04360D31-FD4A-4435-AF64-54E1CC8BA168}.Debug|ARM.ActiveCfg = Debug|Any CPU
		{04360D31-FD4A-4435-AF64-54E1CC8BA168}.Debug|ARM.Build.0 = Debug|Any CPU
		{04360D31-FD4A-4435-AF64-54E1CC8BA168}.Debug|iPhone.ActiveCfg = Debug|Any CPU
		{04360D31-FD4A-4435-AF64-54E1CC8BA168}.Debug|iPhone.Build.0 = Debug|Any CPU
		{04360D31-FD4A-4435-AF64-54E1CC8BA168}.Debug|iPhoneSimulator.ActiveCfg = Debug|Any CPU
		{04360D31-FD4A-4435-AF64-54E1CC8BA168}.Debug|iPhoneSimulator.Build.0 = Debug|Any CPU
		{04360D31-FD4A-4435-AF64-54E1CC8BA168}.Debug|x64.ActiveCfg = Debug|Any CPU
		{04360D31-FD4A-4435-AF64-54E1CC8BA168}.Debug|x64.Build.0 = Debug|Any CPU
		{04360D31-FD4A-4435-AF64-54E1CC8BA168}.Debug|x86.ActiveCfg = Debug|Any CPU
		{04360D31-FD4A-4435-AF64-54E1CC8BA168}.Debug|x86.Build.0 = Debug|Any CPU
		{04360D31-FD4A-4435-AF64-54E1CC8BA168}.Release|Any CPU.ActiveCfg = Release|Any CPU
		{04360D31-FD4A-4435-AF64-54E1CC8BA168}.Release|Any CPU.Build.0 = Release|Any CPU
		{04360D31-FD4A-4435-AF64-54E1CC8BA168}.Release|ARM.ActiveCfg = Release|Any CPU
		{04360D31-FD4A-4435-AF64-54E1CC8BA168}.Release|ARM.Build.0 = Release|Any CPU
		{04360D31-FD4A-4435-AF64-54E1CC8BA168}.Release|iPhone.ActiveCfg = Release|Any CPU
		{04360D31-FD4A-4435-AF64-54E1CC8BA168}.Release|iPhone.Build.0 = Release|Any CPU
		{04360D31-FD4A-4435-AF64-54E1CC8BA168}.Release|iPhoneSimulator.ActiveCfg = Release|Any CPU
		{04360D31-FD4A-4435-AF64-54E1CC8BA168}.Release|iPhoneSimulator.Build.0 = Release|Any CPU
		{04360D31-FD4A-4435-AF64-54E1CC8BA168}.Release|x64.ActiveCfg = Release|Any CPU
		{04360D31-FD4A-4435-AF64-54E1CC8BA168}.Release|x64.Build.0 = Release|Any CPU
		{04360D31-FD4A-4435-AF64-54E1CC8BA168}.Release|x86.ActiveCfg = Release|Any CPU
		{04360D31-FD4A-4435-AF64-54E1CC8BA168}.Release|x86.Build.0 = Release|Any CPU
		{E37702DE-1D21-44D3-91B2-FB65745606E6}.Ad-Hoc|Any CPU.ActiveCfg = Release|x64
		{E37702DE-1D21-44D3-91B2-FB65745606E6}.Ad-Hoc|Any CPU.Build.0 = Release|x64
		{E37702DE-1D21-44D3-91B2-FB65745606E6}.Ad-Hoc|Any CPU.Deploy.0 = Release|x64
		{E37702DE-1D21-44D3-91B2-FB65745606E6}.Ad-Hoc|ARM.ActiveCfg = Release|ARM
		{E37702DE-1D21-44D3-91B2-FB65745606E6}.Ad-Hoc|ARM.Build.0 = Release|ARM
		{E37702DE-1D21-44D3-91B2-FB65745606E6}.Ad-Hoc|ARM.Deploy.0 = Release|ARM
		{E37702DE-1D21-44D3-91B2-FB65745606E6}.Ad-Hoc|iPhone.ActiveCfg = Release|x64
		{E37702DE-1D21-44D3-91B2-FB65745606E6}.Ad-Hoc|iPhone.Build.0 = Release|x64
		{E37702DE-1D21-44D3-91B2-FB65745606E6}.Ad-Hoc|iPhone.Deploy.0 = Release|x64
		{E37702DE-1D21-44D3-91B2-FB65745606E6}.Ad-Hoc|iPhoneSimulator.ActiveCfg = Release|x64
		{E37702DE-1D21-44D3-91B2-FB65745606E6}.Ad-Hoc|iPhoneSimulator.Build.0 = Release|x64
		{E37702DE-1D21-44D3-91B2-FB65745606E6}.Ad-Hoc|iPhoneSimulator.Deploy.0 = Release|x64
		{E37702DE-1D21-44D3-91B2-FB65745606E6}.Ad-Hoc|x64.ActiveCfg = Release|x64
		{E37702DE-1D21-44D3-91B2-FB65745606E6}.Ad-Hoc|x64.Build.0 = Release|x64
		{E37702DE-1D21-44D3-91B2-FB65745606E6}.Ad-Hoc|x64.Deploy.0 = Release|x64
		{E37702DE-1D21-44D3-91B2-FB65745606E6}.Ad-Hoc|x86.ActiveCfg = Release|x86
		{E37702DE-1D21-44D3-91B2-FB65745606E6}.Ad-Hoc|x86.Build.0 = Release|x86
		{E37702DE-1D21-44D3-91B2-FB65745606E6}.Ad-Hoc|x86.Deploy.0 = Release|x86
		{E37702DE-1D21-44D3-91B2-FB65745606E6}.AppStore|Any CPU.ActiveCfg = Release|x64
		{E37702DE-1D21-44D3-91B2-FB65745606E6}.AppStore|Any CPU.Build.0 = Release|x64
		{E37702DE-1D21-44D3-91B2-FB65745606E6}.AppStore|Any CPU.Deploy.0 = Release|x64
		{E37702DE-1D21-44D3-91B2-FB65745606E6}.AppStore|ARM.ActiveCfg = Release|ARM
		{E37702DE-1D21-44D3-91B2-FB65745606E6}.AppStore|ARM.Build.0 = Release|ARM
		{E37702DE-1D21-44D3-91B2-FB65745606E6}.AppStore|ARM.Deploy.0 = Release|ARM
		{E37702DE-1D21-44D3-91B2-FB65745606E6}.AppStore|iPhone.ActiveCfg = Release|x64
		{E37702DE-1D21-44D3-91B2-FB65745606E6}.AppStore|iPhone.Build.0 = Release|x64
		{E37702DE-1D21-44D3-91B2-FB65745606E6}.AppStore|iPhone.Deploy.0 = Release|x64
		{E37702DE-1D21-44D3-91B2-FB65745606E6}.AppStore|iPhoneSimulator.ActiveCfg = Release|x64
		{E37702DE-1D21-44D3-91B2-FB65745606E6}.AppStore|iPhoneSimulator.Build.0 = Release|x64
		{E37702DE-1D21-44D3-91B2-FB65745606E6}.AppStore|iPhoneSimulator.Deploy.0 = Release|x64
		{E37702DE-1D21-44D3-91B2-FB65745606E6}.AppStore|x64.ActiveCfg = Release|x64
		{E37702DE-1D21-44D3-91B2-FB65745606E6}.AppStore|x64.Build.0 = Release|x64
		{E37702DE-1D21-44D3-91B2-FB65745606E6}.AppStore|x64.Deploy.0 = Release|x64
		{E37702DE-1D21-44D3-91B2-FB65745606E6}.AppStore|x86.ActiveCfg = Release|x86
		{E37702DE-1D21-44D3-91B2-FB65745606E6}.AppStore|x86.Build.0 = Release|x86
		{E37702DE-1D21-44D3-91B2-FB65745606E6}.AppStore|x86.Deploy.0 = Release|x86
		{E37702DE-1D21-44D3-91B2-FB65745606E6}.Debug|Any CPU.ActiveCfg = Debug|x86
		{E37702DE-1D21-44D3-91B2-FB65745606E6}.Debug|ARM.ActiveCfg = Debug|ARM
		{E37702DE-1D21-44D3-91B2-FB65745606E6}.Debug|ARM.Build.0 = Debug|ARM
		{E37702DE-1D21-44D3-91B2-FB65745606E6}.Debug|ARM.Deploy.0 = Debug|ARM
		{E37702DE-1D21-44D3-91B2-FB65745606E6}.Debug|iPhone.ActiveCfg = Debug|x86
		{E37702DE-1D21-44D3-91B2-FB65745606E6}.Debug|iPhoneSimulator.ActiveCfg = Debug|x86
		{E37702DE-1D21-44D3-91B2-FB65745606E6}.Debug|x64.ActiveCfg = Debug|x64
		{E37702DE-1D21-44D3-91B2-FB65745606E6}.Debug|x64.Build.0 = Debug|x64
		{E37702DE-1D21-44D3-91B2-FB65745606E6}.Debug|x64.Deploy.0 = Debug|x64
		{E37702DE-1D21-44D3-91B2-FB65745606E6}.Debug|x86.ActiveCfg = Debug|x86
		{E37702DE-1D21-44D3-91B2-FB65745606E6}.Debug|x86.Build.0 = Debug|x86
		{E37702DE-1D21-44D3-91B2-FB65745606E6}.Debug|x86.Deploy.0 = Debug|x86
		{E37702DE-1D21-44D3-91B2-FB65745606E6}.Release|Any CPU.ActiveCfg = Release|x86
		{E37702DE-1D21-44D3-91B2-FB65745606E6}.Release|ARM.ActiveCfg = Release|ARM
		{E37702DE-1D21-44D3-91B2-FB65745606E6}.Release|ARM.Build.0 = Release|ARM
		{E37702DE-1D21-44D3-91B2-FB65745606E6}.Release|ARM.Deploy.0 = Release|ARM
		{E37702DE-1D21-44D3-91B2-FB65745606E6}.Release|iPhone.ActiveCfg = Release|x86
		{E37702DE-1D21-44D3-91B2-FB65745606E6}.Release|iPhoneSimulator.ActiveCfg = Release|x86
		{E37702DE-1D21-44D3-91B2-FB65745606E6}.Release|x64.ActiveCfg = Release|x64
		{E37702DE-1D21-44D3-91B2-FB65745606E6}.Release|x64.Build.0 = Release|x64
		{E37702DE-1D21-44D3-91B2-FB65745606E6}.Release|x64.Deploy.0 = Release|x64
		{E37702DE-1D21-44D3-91B2-FB65745606E6}.Release|x86.ActiveCfg = Release|x86
		{E37702DE-1D21-44D3-91B2-FB65745606E6}.Release|x86.Build.0 = Release|x86
		{E37702DE-1D21-44D3-91B2-FB65745606E6}.Release|x86.Deploy.0 = Release|x86
		{15295A45-441E-4406-BC75-55CA3D0C7A38}.Ad-Hoc|Any CPU.ActiveCfg = Debug|Any CPU
		{15295A45-441E-4406-BC75-55CA3D0C7A38}.Ad-Hoc|Any CPU.Build.0 = Debug|Any CPU
		{15295A45-441E-4406-BC75-55CA3D0C7A38}.Ad-Hoc|ARM.ActiveCfg = Debug|Any CPU
		{15295A45-441E-4406-BC75-55CA3D0C7A38}.Ad-Hoc|ARM.Build.0 = Debug|Any CPU
		{15295A45-441E-4406-BC75-55CA3D0C7A38}.Ad-Hoc|iPhone.ActiveCfg = Debug|Any CPU
		{15295A45-441E-4406-BC75-55CA3D0C7A38}.Ad-Hoc|iPhone.Build.0 = Debug|Any CPU
		{15295A45-441E-4406-BC75-55CA3D0C7A38}.Ad-Hoc|iPhoneSimulator.ActiveCfg = Debug|Any CPU
		{15295A45-441E-4406-BC75-55CA3D0C7A38}.Ad-Hoc|iPhoneSimulator.Build.0 = Debug|Any CPU
		{15295A45-441E-4406-BC75-55CA3D0C7A38}.Ad-Hoc|x64.ActiveCfg = Debug|Any CPU
		{15295A45-441E-4406-BC75-55CA3D0C7A38}.Ad-Hoc|x64.Build.0 = Debug|Any CPU
		{15295A45-441E-4406-BC75-55CA3D0C7A38}.Ad-Hoc|x86.ActiveCfg = Debug|Any CPU
		{15295A45-441E-4406-BC75-55CA3D0C7A38}.Ad-Hoc|x86.Build.0 = Debug|Any CPU
		{15295A45-441E-4406-BC75-55CA3D0C7A38}.AppStore|Any CPU.ActiveCfg = Debug|Any CPU
		{15295A45-441E-4406-BC75-55CA3D0C7A38}.AppStore|Any CPU.Build.0 = Debug|Any CPU
		{15295A45-441E-4406-BC75-55CA3D0C7A38}.AppStore|ARM.ActiveCfg = Debug|Any CPU
		{15295A45-441E-4406-BC75-55CA3D0C7A38}.AppStore|ARM.Build.0 = Debug|Any CPU
		{15295A45-441E-4406-BC75-55CA3D0C7A38}.AppStore|iPhone.ActiveCfg = Debug|Any CPU
		{15295A45-441E-4406-BC75-55CA3D0C7A38}.AppStore|iPhone.Build.0 = Debug|Any CPU
		{15295A45-441E-4406-BC75-55CA3D0C7A38}.AppStore|iPhoneSimulator.ActiveCfg = Debug|Any CPU
		{15295A45-441E-4406-BC75-55CA3D0C7A38}.AppStore|iPhoneSimulator.Build.0 = Debug|Any CPU
		{15295A45-441E-4406-BC75-55CA3D0C7A38}.AppStore|x64.ActiveCfg = Debug|Any CPU
		{15295A45-441E-4406-BC75-55CA3D0C7A38}.AppStore|x64.Build.0 = Debug|Any CPU
		{15295A45-441E-4406-BC75-55CA3D0C7A38}.AppStore|x86.ActiveCfg = Debug|Any CPU
		{15295A45-441E-4406-BC75-55CA3D0C7A38}.AppStore|x86.Build.0 = Debug|Any CPU
		{15295A45-441E-4406-BC75-55CA3D0C7A38}.Debug|Any CPU.ActiveCfg = Debug|Any CPU
		{15295A45-441E-4406-BC75-55CA3D0C7A38}.Debug|Any CPU.Build.0 = Debug|Any CPU
		{15295A45-441E-4406-BC75-55CA3D0C7A38}.Debug|ARM.ActiveCfg = Debug|Any CPU
		{15295A45-441E-4406-BC75-55CA3D0C7A38}.Debug|ARM.Build.0 = Debug|Any CPU
		{15295A45-441E-4406-BC75-55CA3D0C7A38}.Debug|iPhone.ActiveCfg = Debug|Any CPU
		{15295A45-441E-4406-BC75-55CA3D0C7A38}.Debug|iPhone.Build.0 = Debug|Any CPU
		{15295A45-441E-4406-BC75-55CA3D0C7A38}.Debug|iPhoneSimulator.ActiveCfg = Debug|Any CPU
		{15295A45-441E-4406-BC75-55CA3D0C7A38}.Debug|iPhoneSimulator.Build.0 = Debug|Any CPU
		{15295A45-441E-4406-BC75-55CA3D0C7A38}.Debug|x64.ActiveCfg = Debug|Any CPU
		{15295A45-441E-4406-BC75-55CA3D0C7A38}.Debug|x64.Build.0 = Debug|Any CPU
		{15295A45-441E-4406-BC75-55CA3D0C7A38}.Debug|x86.ActiveCfg = Debug|Any CPU
		{15295A45-441E-4406-BC75-55CA3D0C7A38}.Debug|x86.Build.0 = Debug|Any CPU
		{15295A45-441E-4406-BC75-55CA3D0C7A38}.Release|Any CPU.ActiveCfg = Release|Any CPU
		{15295A45-441E-4406-BC75-55CA3D0C7A38}.Release|Any CPU.Build.0 = Release|Any CPU
		{15295A45-441E-4406-BC75-55CA3D0C7A38}.Release|ARM.ActiveCfg = Release|Any CPU
		{15295A45-441E-4406-BC75-55CA3D0C7A38}.Release|ARM.Build.0 = Release|Any CPU
		{15295A45-441E-4406-BC75-55CA3D0C7A38}.Release|iPhone.ActiveCfg = Release|Any CPU
		{15295A45-441E-4406-BC75-55CA3D0C7A38}.Release|iPhone.Build.0 = Release|Any CPU
		{15295A45-441E-4406-BC75-55CA3D0C7A38}.Release|iPhoneSimulator.ActiveCfg = Release|Any CPU
		{15295A45-441E-4406-BC75-55CA3D0C7A38}.Release|iPhoneSimulator.Build.0 = Release|Any CPU
		{15295A45-441E-4406-BC75-55CA3D0C7A38}.Release|x64.ActiveCfg = Release|Any CPU
		{15295A45-441E-4406-BC75-55CA3D0C7A38}.Release|x64.Build.0 = Release|Any CPU
		{15295A45-441E-4406-BC75-55CA3D0C7A38}.Release|x86.ActiveCfg = Release|Any CPU
		{15295A45-441E-4406-BC75-55CA3D0C7A38}.Release|x86.Build.0 = Release|Any CPU
	EndGlobalSection
	GlobalSection(SolutionProperties) = preSolution
		HideSolutionNode = FALSE
	EndGlobalSection
	GlobalSection(NestedProjects) = preSolution
		{15295A45-441E-4406-BC75-55CA3D0C7A38} = {AA472CDD-723A-4DF4-956E-68BB5DAA1F7E}
	EndGlobalSection
	GlobalSection(ExtensibilityGlobals) = postSolution
		SolutionGuid = {F6D05029-56B8-4E45-AF2D-0E76295DDBA2}
	EndGlobalSection
EndGlobal
